
Microsoft Visual Studio Solution File, Format Version 12.00
# Visual Studio Version 17
VisualStudioVersion = 17.3.32819.101
MinimumVisualStudioVersion = 10.0.40219.1
Project("{FAE04EC0-301F-11D3-BF4B-00C04F79EFBC}") = "Zavrsni_Test_Maja_Cveticanin", "Zavrsni_Test_Maja_Cveticanin\Zavrsni_Test_Maja_Cveticanin.csproj", "{ADA9A1FD-091F-43E4-9207-952B0CECB181}"
EndProject
Project("{FAE04EC0-301F-11D3-BF4B-00C04F79EFBC}") = "TestProject", "TestProject\TestProject.csproj", "{0A87F4C2-3EA0-468E-A59D-71CCD18AA653}"
EndProject
Global
	GlobalSection(SolutionConfigurationPlatforms) = preSolution
		Debug|Any CPU = Debug|Any CPU
		Release|Any CPU = Release|Any CPU
	EndGlobalSection
	GlobalSection(ProjectConfigurationPlatforms) = postSolution
		{ADA9A1FD-091F-43E4-9207-952B0CECB181}.Debug|Any CPU.ActiveCfg = Debug|Any CPU
		{ADA9A1FD-091F-43E4-9207-952B0CECB181}.Debug|Any CPU.Build.0 = Debug|Any CPU
		{ADA9A1FD-091F-43E4-9207-952B0CECB181}.Release|Any CPU.ActiveCfg = Release|Any CPU
		{ADA9A1FD-091F-43E4-9207-952B0CECB181}.Release|Any CPU.Build.0 = Release|Any CPU
		{0A87F4C2-3EA0-468E-A59D-71CCD18AA653}.Debug|Any CPU.ActiveCfg = Debug|Any CPU
		{0A87F4C2-3EA0-468E-A59D-71CCD18AA653}.Debug|Any CPU.Build.0 = Debug|Any CPU
		{0A87F4C2-3EA0-468E-A59D-71CCD18AA653}.Release|Any CPU.ActiveCfg = Release|Any CPU
		{0A87F4C2-3EA0-468E-A59D-71CCD18AA653}.Release|Any CPU.Build.0 = Release|Any CPU
	EndGlobalSection
	GlobalSection(SolutionProperties) = preSolution
		HideSolutionNode = FALSE
	EndGlobalSection
	GlobalSection(ExtensibilityGlobals) = postSolution
		SolutionGuid = {1BE172B9-5160-4368-93BD-9A55E1282857}
	EndGlobalSection
EndGlobal
